
Microsoft Visual Studio Solution File, Format Version 12.00
# Visual Studio Version 17
VisualStudioVersion = 17.3.32922.545
MinimumVisualStudioVersion = 10.0.40219.1
Project("{FAE04EC0-301F-11D3-BF4B-00C04F79EFBC}") = "Job4", "Job4.csproj", "{C3559F65-07BD-44A7-8E23-1E7571E62291}"
EndProject
Global
	GlobalSection(SolutionConfigurationPlatforms) = preSolution
		Debug|Any CPU = Debug|Any CPU
		Release|Any CPU = Release|Any CPU
	EndGlobalSection
	GlobalSection(ProjectConfigurationPlatforms) = postSolution
		{C3559F65-07BD-44A7-8E23-1E7571E62291}.Debug|Any CPU.ActiveCfg = Debug|Any CPU
		{C3559F65-07BD-44A7-8E23-1E7571E62291}.Debug|Any CPU.Build.0 = Debug|Any CPU
		{C3559F65-07BD-44A7-8E23-1E7571E62291}.Release|Any CPU.ActiveCfg = Release|Any CPU
		{C3559F65-07BD-44A7-8E23-1E7571E62291}.Release|Any CPU.Build.0 = Release|Any CPU
	EndGlobalSection
	GlobalSection(SolutionProperties) = preSolution
		HideSolutionNode = FALSE
	EndGlobalSection
	GlobalSection(ExtensibilityGlobals) = postSolution
		SolutionGuid = {D7E19E56-4718-4878-9BA7-65331B45BAF1}
	EndGlobalSection
EndGlobal
